
Microsoft Visual Studio Solution File, Format Version 12.00
# Visual Studio Version 16
VisualStudioVersion = 16.0.29709.97
MinimumVisualStudioVersion = 10.0.40219.1
Project("{8BC9CEB8-8B4A-11D0-8D11-00A0C91BC942}") = "字符串作业5-STL", "字符串作业5-STL.vcxproj", "{B6BD9937-F651-4172-86F1-DDF6CE1A6DF7}"
EndProject
Global
	GlobalSection(SolutionConfigurationPlatforms) = preSolution
		Debug|x64 = Debug|x64
		Debug|x86 = Debug|x86
		Release|x64 = Release|x64
		Release|x86 = Release|x86
	EndGlobalSection
	GlobalSection(ProjectConfigurationPlatforms) = postSolution
		{B6BD9937-F651-4172-86F1-DDF6CE1A6DF7}.Debug|x64.ActiveCfg = Debug|x64
		{B6BD9937-F651-4172-86F1-DDF6CE1A6DF7}.Debug|x64.Build.0 = Debug|x64
		{B6BD9937-F651-4172-86F1-DDF6CE1A6DF7}.Debug|x86.ActiveCfg = Debug|Win32
		{B6BD9937-F651-4172-86F1-DDF6CE1A6DF7}.Debug|x86.Build.0 = Debug|Win32
		{B6BD9937-F651-4172-86F1-DDF6CE1A6DF7}.Release|x64.ActiveCfg = Release|x64
		{B6BD9937-F651-4172-86F1-DDF6CE1A6DF7}.Release|x64.Build.0 = Release|x64
		{B6BD9937-F651-4172-86F1-DDF6CE1A6DF7}.Release|x86.ActiveCfg = Release|Win32
		{B6BD9937-F651-4172-86F1-DDF6CE1A6DF7}.Release|x86.Build.0 = Release|Win32
	EndGlobalSection
	GlobalSection(SolutionProperties) = preSolution
		HideSolutionNode = FALSE
	EndGlobalSection
	GlobalSection(ExtensibilityGlobals) = postSolution
		SolutionGuid = {F0E5559B-FAD8-4E5E-A79E-A66B5D3E2C97}
	EndGlobalSection
EndGlobal
