
Microsoft Visual Studio Solution File, Format Version 12.00
# Visual Studio Version 16
VisualStudioVersion = 16.0.29709.97
MinimumVisualStudioVersion = 10.0.40219.1
Project("{8BC9CEB8-8B4A-11D0-8D11-00A0C91BC942}") = "函数2", "函数2.vcxproj", "{EAA88352-3C61-4868-AAD4-743AF1ED5CEC}"
EndProject
Global
	GlobalSection(SolutionConfigurationPlatforms) = preSolution
		Debug|x64 = Debug|x64
		Debug|x86 = Debug|x86
		Release|x64 = Release|x64
		Release|x86 = Release|x86
	EndGlobalSection
	GlobalSection(ProjectConfigurationPlatforms) = postSolution
		{EAA88352-3C61-4868-AAD4-743AF1ED5CEC}.Debug|x64.ActiveCfg = Debug|x64
		{EAA88352-3C61-4868-AAD4-743AF1ED5CEC}.Debug|x64.Build.0 = Debug|x64
		{EAA88352-3C61-4868-AAD4-743AF1ED5CEC}.Debug|x86.ActiveCfg = Debug|Win32
		{EAA88352-3C61-4868-AAD4-743AF1ED5CEC}.Debug|x86.Build.0 = Debug|Win32
		{EAA88352-3C61-4868-AAD4-743AF1ED5CEC}.Release|x64.ActiveCfg = Release|x64
		{EAA88352-3C61-4868-AAD4-743AF1ED5CEC}.Release|x64.Build.0 = Release|x64
		{EAA88352-3C61-4868-AAD4-743AF1ED5CEC}.Release|x86.ActiveCfg = Release|Win32
		{EAA88352-3C61-4868-AAD4-743AF1ED5CEC}.Release|x86.Build.0 = Release|Win32
	EndGlobalSection
	GlobalSection(SolutionProperties) = preSolution
		HideSolutionNode = FALSE
	EndGlobalSection
	GlobalSection(ExtensibilityGlobals) = postSolution
		SolutionGuid = {54E0CC16-4751-4F84-81D1-D8EE9043AF8C}
	EndGlobalSection
EndGlobal
