
Microsoft Visual Studio Solution File, Format Version 12.00
# Visual Studio Version 16
VisualStudioVersion = 16.0.29709.97
MinimumVisualStudioVersion = 10.0.40219.1
Project("{8BC9CEB8-8B4A-11D0-8D11-00A0C91BC942}") = "类模板", "类模板.vcxproj", "{81FDF3EE-C9AE-4F39-B16A-2AA1158ABF32}"
EndProject
Global
	GlobalSection(SolutionConfigurationPlatforms) = preSolution
		Debug|x64 = Debug|x64
		Debug|x86 = Debug|x86
		Release|x64 = Release|x64
		Release|x86 = Release|x86
	EndGlobalSection
	GlobalSection(ProjectConfigurationPlatforms) = postSolution
		{81FDF3EE-C9AE-4F39-B16A-2AA1158ABF32}.Debug|x64.ActiveCfg = Debug|x64
		{81FDF3EE-C9AE-4F39-B16A-2AA1158ABF32}.Debug|x64.Build.0 = Debug|x64
		{81FDF3EE-C9AE-4F39-B16A-2AA1158ABF32}.Debug|x86.ActiveCfg = Debug|Win32
		{81FDF3EE-C9AE-4F39-B16A-2AA1158ABF32}.Debug|x86.Build.0 = Debug|Win32
		{81FDF3EE-C9AE-4F39-B16A-2AA1158ABF32}.Release|x64.ActiveCfg = Release|x64
		{81FDF3EE-C9AE-4F39-B16A-2AA1158ABF32}.Release|x64.Build.0 = Release|x64
		{81FDF3EE-C9AE-4F39-B16A-2AA1158ABF32}.Release|x86.ActiveCfg = Release|Win32
		{81FDF3EE-C9AE-4F39-B16A-2AA1158ABF32}.Release|x86.Build.0 = Release|Win32
	EndGlobalSection
	GlobalSection(SolutionProperties) = preSolution
		HideSolutionNode = FALSE
	EndGlobalSection
	GlobalSection(ExtensibilityGlobals) = postSolution
		SolutionGuid = {405FA78A-F91C-47E4-B002-DBD3512D8F1C}
	EndGlobalSection
EndGlobal
